
Microsoft Visual Studio Solution File, Format Version 12.00
# Visual Studio Version 16
VisualStudioVersion = 16.0.30104.148
MinimumVisualStudioVersion = 10.0.40219.1
Project("{FAE04EC0-301F-11D3-BF4B-00C04F79EFBC}") = "TopoApp", "TopoApp\TopoApp.csproj", "{8BB4C9A3-CFAC-4808-A1E6-F39A4406E1CA}"
EndProject
Project("{FAE04EC0-301F-11D3-BF4B-00C04F79EFBC}") = "TopoApp.Tests", "TopoApp.Tests\TopoApp.Tests.csproj", "{A7DE0FBD-8C27-4ADF-A43C-5F1685656E9B}"
EndProject
Global
	GlobalSection(SolutionConfigurationPlatforms) = preSolution
		Debug|Any CPU = Debug|Any CPU
		Release|Any CPU = Release|Any CPU
	EndGlobalSection
	GlobalSection(ProjectConfigurationPlatforms) = postSolution
		{8BB4C9A3-CFAC-4808-A1E6-F39A4406E1CA}.Debug|Any CPU.ActiveCfg = Debug|Any CPU
		{8BB4C9A3-CFAC-4808-A1E6-F39A4406E1CA}.Debug|Any CPU.Build.0 = Debug|Any CPU
		{8BB4C9A3-CFAC-4808-A1E6-F39A4406E1CA}.Release|Any CPU.ActiveCfg = Release|Any CPU
		{8BB4C9A3-CFAC-4808-A1E6-F39A4406E1CA}.Release|Any CPU.Build.0 = Release|Any CPU
		{A7DE0FBD-8C27-4ADF-A43C-5F1685656E9B}.Debug|Any CPU.ActiveCfg = Debug|Any CPU
		{A7DE0FBD-8C27-4ADF-A43C-5F1685656E9B}.Debug|Any CPU.Build.0 = Debug|Any CPU
		{A7DE0FBD-8C27-4ADF-A43C-5F1685656E9B}.Release|Any CPU.ActiveCfg = Release|Any CPU
		{A7DE0FBD-8C27-4ADF-A43C-5F1685656E9B}.Release|Any CPU.Build.0 = Release|Any CPU
	EndGlobalSection
	GlobalSection(SolutionProperties) = preSolution
		HideSolutionNode = FALSE
	EndGlobalSection
	GlobalSection(ExtensibilityGlobals) = postSolution
		SolutionGuid = {5DF1000D-3FE5-4F69-81CA-A2E8417893D8}
	EndGlobalSection
EndGlobal
